
Microsoft Visual Studio Solution File, Format Version 12.00
# Visual Studio Version 17
VisualStudioVersion = 17.14.36603.0 d17.14
MinimumVisualStudioVersion = 10.0.40219.1
Project("{FAE04EC0-301F-11D3-BF4B-00C04F79EFBC}") = "IMS", "IMS.csproj", "{E467E596-895A-48C5-82A0-61321BC1C81B}"
EndProject
Global
	GlobalSection(SolutionConfigurationPlatforms) = preSolution
		Debug|Any CPU = Debug|Any CPU
		Release|Any CPU = Release|Any CPU
	EndGlobalSection
	GlobalSection(ProjectConfigurationPlatforms) = postSolution
		{E467E596-895A-48C5-82A0-61321BC1C81B}.Debug|Any CPU.ActiveCfg = Debug|Any CPU
		{E467E596-895A-48C5-82A0-61321BC1C81B}.Debug|Any CPU.Build.0 = Debug|Any CPU
		{E467E596-895A-48C5-82A0-61321BC1C81B}.Release|Any CPU.ActiveCfg = Release|Any CPU
		{E467E596-895A-48C5-82A0-61321BC1C81B}.Release|Any CPU.Build.0 = Release|Any CPU
	EndGlobalSection
	GlobalSection(SolutionProperties) = preSolution
		HideSolutionNode = FALSE
	EndGlobalSection
	GlobalSection(ExtensibilityGlobals) = postSolution
		SolutionGuid = {E69F2A26-3B55-4F8E-BEFD-69ADAA28E5E9}
	EndGlobalSection
EndGlobal
